
Microsoft Visual Studio Solution File, Format Version 12.00
# Visual Studio Version 17
VisualStudioVersion = 17.5.002.0
MinimumVisualStudioVersion = 10.0.40219.1
Project("{9A19103F-16F7-4668-BE54-9A1E7A4F7556}") = "MyGitHubActionApp", "MyGitHubActionApp\MyGitHubActionApp.csproj", "{09E99BA6-9158-43D3-BDA7-F0BC71F4FEE6}"
EndProject
Global
	GlobalSection(SolutionConfigurationPlatforms) = preSolution
		Debug|Any CPU = Debug|Any CPU
		Release|Any CPU = Release|Any CPU
	EndGlobalSection
	GlobalSection(ProjectConfigurationPlatforms) = postSolution
		{09E99BA6-9158-43D3-BDA7-F0BC71F4FEE6}.Debug|Any CPU.ActiveCfg = Debug|Any CPU
		{09E99BA6-9158-43D3-BDA7-F0BC71F4FEE6}.Debug|Any CPU.Build.0 = Debug|Any CPU
		{09E99BA6-9158-43D3-BDA7-F0BC71F4FEE6}.Release|Any CPU.ActiveCfg = Release|Any CPU
		{09E99BA6-9158-43D3-BDA7-F0BC71F4FEE6}.Release|Any CPU.Build.0 = Release|Any CPU
	EndGlobalSection
	GlobalSection(SolutionProperties) = preSolution
		HideSolutionNode = FALSE
	EndGlobalSection
	GlobalSection(ExtensibilityGlobals) = postSolution
		SolutionGuid = {06A693C1-005B-4F72-A3CC-59CC4C4595A0}
	EndGlobalSection
EndGlobal
